{
  "version": 4,
  "terraform_version": "0.12.13",
  "serial": 1,
  "lineage": "2b1faacd-622f-a038-e2d1-db6cca75cd4e",
  "outputs": {},
  "resources": [
    {
      "mode": "managed",
      "type": "aws_s3_bucket",
      "name": "b",
      "provider": "provider.aws",
      "instances": [
        {
          "schema_version": 0,
          "attributes": {
            "acceleration_status": "",
            "acl": "public-read",
            "arn": "arn:aws:s3:::test",
            "bucket": "test",
            "bucket_domain_name": "test.s3.amazonaws.com",
            "bucket_prefix": null,
            "bucket_regional_domain_name": "test.s3.amazonaws.com",
            "cors_rule": [],
            "force_destroy": false,
            "hosted_zone_id": "Z3AQBSTGFYJSTF",
            "id": "test",
            "lifecycle_rule": [],
            "logging": [],
            "object_lock_configuration": [
              {
                "object_lock_enabled": "",
                "rule": []
              }
            ],
            "policy": null,
            "region": "us-east-1",
            "replication_configuration": [
              {
                "role": "",
                "rules": []
              }
            ],
            "request_payer": "",
            "server_side_encryption_configuration": [
              {
                "rule": []
              }
            ],
            "tags": {
              "Environment": "Dev",
              "Name": "My bucket"
            },
            "versioning": [
              {
                "enabled": false,
                "mfa_delete": false
              }
            ],
            "website": [],
            "website_domain": null,
            "website_endpoint": null
          },
          "private": "bnVsbA=="
        }
      ]
    }
  ]
}